
Microsoft Visual Studio Solution File, Format Version 12.00
# Visual Studio 2012
Project("{8BC9CEB8-8B4A-11D0-8D11-00A0C91BC942}") = "queues full implement", "queues full implement\queues full implement.vcxproj", "{1EB54B29-B6BA-44EE-8A64-32AAFD20BB04}"
EndProject
Global
	GlobalSection(SolutionConfigurationPlatforms) = preSolution
		Debug|Win32 = Debug|Win32
		Release|Win32 = Release|Win32
	EndGlobalSection
	GlobalSection(ProjectConfigurationPlatforms) = postSolution
		{1EB54B29-B6BA-44EE-8A64-32AAFD20BB04}.Debug|Win32.ActiveCfg = Debug|Win32
		{1EB54B29-B6BA-44EE-8A64-32AAFD20BB04}.Debug|Win32.Build.0 = Debug|Win32
		{1EB54B29-B6BA-44EE-8A64-32AAFD20BB04}.Release|Win32.ActiveCfg = Release|Win32
		{1EB54B29-B6BA-44EE-8A64-32AAFD20BB04}.Release|Win32.Build.0 = Release|Win32
	EndGlobalSection
	GlobalSection(SolutionProperties) = preSolution
		HideSolutionNode = FALSE
	EndGlobalSection
EndGlobal
