
Microsoft Visual Studio Solution File, Format Version 12.00
# Visual Studio 2012
Project("{8BC9CEB8-8B4A-11D0-8D11-00A0C91BC942}") = "employee setter getter type2", "employee setter getter type2\employee setter getter type2.vcxproj", "{7D549C03-BD11-489E-B062-B2E68493FBA8}"
EndProject
Global
	GlobalSection(SolutionConfigurationPlatforms) = preSolution
		Debug|Win32 = Debug|Win32
		Release|Win32 = Release|Win32
	EndGlobalSection
	GlobalSection(ProjectConfigurationPlatforms) = postSolution
		{7D549C03-BD11-489E-B062-B2E68493FBA8}.Debug|Win32.ActiveCfg = Debug|Win32
		{7D549C03-BD11-489E-B062-B2E68493FBA8}.Debug|Win32.Build.0 = Debug|Win32
		{7D549C03-BD11-489E-B062-B2E68493FBA8}.Release|Win32.ActiveCfg = Release|Win32
		{7D549C03-BD11-489E-B062-B2E68493FBA8}.Release|Win32.Build.0 = Release|Win32
	EndGlobalSection
	GlobalSection(SolutionProperties) = preSolution
		HideSolutionNode = FALSE
	EndGlobalSection
EndGlobal
