
Microsoft Visual Studio Solution File, Format Version 12.00
# Visual Studio 2012
Project("{8BC9CEB8-8B4A-11D0-8D11-00A0C91BC942}") = "inheritance example 3", "inheritance example 3\inheritance example 3.vcxproj", "{1787EF41-B37A-4BBF-AD8B-17DCEF7F827E}"
EndProject
Global
	GlobalSection(SolutionConfigurationPlatforms) = preSolution
		Debug|Win32 = Debug|Win32
		Release|Win32 = Release|Win32
	EndGlobalSection
	GlobalSection(ProjectConfigurationPlatforms) = postSolution
		{1787EF41-B37A-4BBF-AD8B-17DCEF7F827E}.Debug|Win32.ActiveCfg = Debug|Win32
		{1787EF41-B37A-4BBF-AD8B-17DCEF7F827E}.Debug|Win32.Build.0 = Debug|Win32
		{1787EF41-B37A-4BBF-AD8B-17DCEF7F827E}.Release|Win32.ActiveCfg = Release|Win32
		{1787EF41-B37A-4BBF-AD8B-17DCEF7F827E}.Release|Win32.Build.0 = Release|Win32
	EndGlobalSection
	GlobalSection(SolutionProperties) = preSolution
		HideSolutionNode = FALSE
	EndGlobalSection
EndGlobal
