
Microsoft Visual Studio Solution File, Format Version 12.00
# Visual Studio 2012
Project("{8BC9CEB8-8B4A-11D0-8D11-00A0C91BC942}") = "inheritance example 2", "inheritance example 2\inheritance example 2.vcxproj", "{078B8A55-6834-4D29-8195-10AE28913529}"
EndProject
Global
	GlobalSection(SolutionConfigurationPlatforms) = preSolution
		Debug|Win32 = Debug|Win32
		Release|Win32 = Release|Win32
	EndGlobalSection
	GlobalSection(ProjectConfigurationPlatforms) = postSolution
		{078B8A55-6834-4D29-8195-10AE28913529}.Debug|Win32.ActiveCfg = Debug|Win32
		{078B8A55-6834-4D29-8195-10AE28913529}.Debug|Win32.Build.0 = Debug|Win32
		{078B8A55-6834-4D29-8195-10AE28913529}.Release|Win32.ActiveCfg = Release|Win32
		{078B8A55-6834-4D29-8195-10AE28913529}.Release|Win32.Build.0 = Release|Win32
	EndGlobalSection
	GlobalSection(SolutionProperties) = preSolution
		HideSolutionNode = FALSE
	EndGlobalSection
EndGlobal
