
Microsoft Visual Studio Solution File, Format Version 12.00
# Visual Studio 2012
Project("{8BC9CEB8-8B4A-11D0-8D11-00A0C91BC942}") = "linked list using complex", "linked list using complex\linked list using complex.vcxproj", "{8C82F93D-37E8-4DC6-B875-446862CC07EE}"
EndProject
Global
	GlobalSection(SolutionConfigurationPlatforms) = preSolution
		Debug|Win32 = Debug|Win32
		Release|Win32 = Release|Win32
	EndGlobalSection
	GlobalSection(ProjectConfigurationPlatforms) = postSolution
		{8C82F93D-37E8-4DC6-B875-446862CC07EE}.Debug|Win32.ActiveCfg = Debug|Win32
		{8C82F93D-37E8-4DC6-B875-446862CC07EE}.Debug|Win32.Build.0 = Debug|Win32
		{8C82F93D-37E8-4DC6-B875-446862CC07EE}.Release|Win32.ActiveCfg = Release|Win32
		{8C82F93D-37E8-4DC6-B875-446862CC07EE}.Release|Win32.Build.0 = Release|Win32
	EndGlobalSection
	GlobalSection(SolutionProperties) = preSolution
		HideSolutionNode = FALSE
	EndGlobalSection
EndGlobal
