
Microsoft Visual Studio Solution File, Format Version 12.00
# Visual Studio 2012
Project("{8BC9CEB8-8B4A-11D0-8D11-00A0C91BC942}") = "constructor destructor", "constructor destructor\constructor destructor.vcxproj", "{4EF6DF01-C6EE-49AE-9811-DBA53BD7CBB6}"
EndProject
Global
	GlobalSection(SolutionConfigurationPlatforms) = preSolution
		Debug|Win32 = Debug|Win32
		Release|Win32 = Release|Win32
	EndGlobalSection
	GlobalSection(ProjectConfigurationPlatforms) = postSolution
		{4EF6DF01-C6EE-49AE-9811-DBA53BD7CBB6}.Debug|Win32.ActiveCfg = Debug|Win32
		{4EF6DF01-C6EE-49AE-9811-DBA53BD7CBB6}.Debug|Win32.Build.0 = Debug|Win32
		{4EF6DF01-C6EE-49AE-9811-DBA53BD7CBB6}.Release|Win32.ActiveCfg = Release|Win32
		{4EF6DF01-C6EE-49AE-9811-DBA53BD7CBB6}.Release|Win32.Build.0 = Release|Win32
	EndGlobalSection
	GlobalSection(SolutionProperties) = preSolution
		HideSolutionNode = FALSE
	EndGlobalSection
EndGlobal
