
Microsoft Visual Studio Solution File, Format Version 12.00
# Visual Studio 2012
Project("{8BC9CEB8-8B4A-11D0-8D11-00A0C91BC942}") = "linked list DLL reverse", "linked list DLL reverse\linked list DLL reverse.vcxproj", "{F60852B7-694C-4FC9-8CFF-A3803F873EE0}"
EndProject
Global
	GlobalSection(SolutionConfigurationPlatforms) = preSolution
		Debug|Win32 = Debug|Win32
		Release|Win32 = Release|Win32
	EndGlobalSection
	GlobalSection(ProjectConfigurationPlatforms) = postSolution
		{F60852B7-694C-4FC9-8CFF-A3803F873EE0}.Debug|Win32.ActiveCfg = Debug|Win32
		{F60852B7-694C-4FC9-8CFF-A3803F873EE0}.Debug|Win32.Build.0 = Debug|Win32
		{F60852B7-694C-4FC9-8CFF-A3803F873EE0}.Release|Win32.ActiveCfg = Release|Win32
		{F60852B7-694C-4FC9-8CFF-A3803F873EE0}.Release|Win32.Build.0 = Release|Win32
	EndGlobalSection
	GlobalSection(SolutionProperties) = preSolution
		HideSolutionNode = FALSE
	EndGlobalSection
EndGlobal
